version: 6
environments:
  default:
    channels:
    - url: https://conda.anaconda.org/conda-forge/
    indexes:
    - https://pypi.org/simple
    packages:
      osx-64:
      - conda: https://conda.anaconda.org/conda-forge/osx-64/bzip2-1.0.8-hfdf4475_7.conda
      - conda: https://conda.anaconda.org/conda-forge/noarch/ca-certificates-2025.7.14-hbd8a1cb_0.conda
      - conda: https://conda.anaconda.org/conda-forge/osx-64/icu-75.1-h120a0e1_0.conda
      - conda: https://conda.anaconda.org/conda-forge/osx-64/libblas-3.9.0-32_h7f60823_openblas.conda
      - conda: https://conda.anaconda.org/conda-forge/osx-64/libcblas-3.9.0-32_hff6cab4_openblas.conda
      - conda: https://conda.anaconda.org/conda-forge/osx-64/libcxx-20.1.8-h3d58e20_1.conda
      - conda: https://conda.anaconda.org/conda-forge/osx-64/libexpat-2.7.1-h21dd04a_0.conda
      - conda: https://conda.anaconda.org/conda-forge/osx-64/libffi-3.4.6-h281671d_1.conda
      - conda: https://conda.anaconda.org/conda-forge/osx-64/libgfortran-15.1.0-h5f6db21_0.conda
      - conda: https://conda.anaconda.org/conda-forge/osx-64/libgfortran5-15.1.0-hfa3c126_0.conda
      - conda: https://conda.anaconda.org/conda-forge/osx-64/liblapack-3.9.0-32_h236ab99_openblas.conda
      - conda: https://conda.anaconda.org/conda-forge/osx-64/liblzma-5.8.1-hd471939_2.conda
      - conda: https://conda.anaconda.org/conda-forge/osx-64/libmpdec-4.0.0-h6e16a3a_0.conda
      - conda: https://conda.anaconda.org/conda-forge/osx-64/libopenblas-0.3.30-openmp_h83c2472_1.conda
      - conda: https://conda.anaconda.org/conda-forge/osx-64/libsqlite-3.50.3-h875aaf5_1.conda
      - conda: https://conda.anaconda.org/conda-forge/osx-64/libzlib-1.3.1-hd23fc13_2.conda
      - conda: https://conda.anaconda.org/conda-forge/osx-64/llvm-openmp-20.1.8-hf4e0ed4_0.conda
      - conda: https://conda.anaconda.org/conda-forge/osx-64/ncurses-6.5-h0622a9a_3.conda
      - conda: https://conda.anaconda.org/conda-forge/osx-64/numpy-2.3.2-py313hdb1a8e5_0.conda
      - conda: https://conda.anaconda.org/conda-forge/osx-64/openssl-3.5.1-hc426f3f_0.conda
      - conda: https://conda.anaconda.org/conda-forge/osx-64/python-3.13.5-hc3a4c56_102_cp313.conda
      - conda: https://conda.anaconda.org/conda-forge/noarch/python_abi-3.13-8_cp313.conda
      - conda: https://conda.anaconda.org/conda-forge/osx-64/readline-8.2-h7cca4af_2.conda
      - conda: https://conda.anaconda.org/conda-forge/osx-64/tk-8.6.13-hf689a15_2.conda
      - conda: https://conda.anaconda.org/conda-forge/noarch/tzdata-2025b-h78e105d_0.conda
      - pypi: /Users/chris/NOAA/cell_tree2d
packages:
- conda: https://conda.anaconda.org/conda-forge/osx-64/bzip2-1.0.8-hfdf4475_7.conda
  sha256: cad153608b81fb24fc8c509357daa9ae4e49dfc535b2cb49b91e23dbd68fc3c5
  md5: 7ed4301d437b59045be7e051a0308211
  depends:
  - __osx >=10.13
  license: bzip2-1.0.6
  license_family: BSD
  purls: []
  size: 134188
  timestamp: 1720974491916
- conda: https://conda.anaconda.org/conda-forge/noarch/ca-certificates-2025.7.14-hbd8a1cb_0.conda
  sha256: 29defbd83c7829788358678ec996adeee252fa4d4274b7cd386c1ed73d2b201e
  md5: d16c90324aef024877d8713c0b7fea5b
  depends:
  - __unix
  license: ISC
  purls: []
  size: 155658
  timestamp: 1752482350666
- pypi: /Users/chris/NOAA/cell_tree2d
  name: cell-tree2d
  version: 0.3.1
  sha256: d03614acb37504a683ac6e2bdda7d54d39f71c7c9fed2aed78a91027db97e4d3
  requires_dist:
  - numpy
  editable: true
- conda: https://conda.anaconda.org/conda-forge/osx-64/icu-75.1-h120a0e1_0.conda
  sha256: 2e64307532f482a0929412976c8450c719d558ba20c0962832132fd0d07ba7a7
  md5: d68d48a3060eb5abdc1cdc8e2a3a5966
  depends:
  - __osx >=10.13
  license: MIT
  license_family: MIT
  purls: []
  size: 11761697
  timestamp: 1720853679409
- conda: https://conda.anaconda.org/conda-forge/osx-64/libblas-3.9.0-32_h7f60823_openblas.conda
  build_number: 32
  sha256: e441fcc46858a9a073e4344c80e267aee3b95ec01b02e37205c36be79eec0694
  md5: 0f7197e3b4ecfa8aa24a371c3eaabb8a
  depends:
  - libopenblas >=0.3.30,<0.3.31.0a0
  - libopenblas >=0.3.30,<1.0a0
  constrains:
  - liblapack  3.9.0   32*_openblas
  - blas 2.132   openblas
  - mkl <2025
  - liblapacke 3.9.0   32*_openblas
  - libcblas   3.9.0   32*_openblas
  license: BSD-3-Clause
  license_family: BSD
  purls: []
  size: 17571
  timestamp: 1750389030403
- conda: https://conda.anaconda.org/conda-forge/osx-64/libcblas-3.9.0-32_hff6cab4_openblas.conda
  build_number: 32
  sha256: 745f6dd420389809c333734df6edc99d75caa3633e4778158c7549c6844af440
  md5: 2c1e774d4546cf542eaee5781eb8940b
  depends:
  - libblas 3.9.0 32_h7f60823_openblas
  constrains:
  - blas 2.132   openblas
  - liblapack  3.9.0   32*_openblas
  - liblapacke 3.9.0   32*_openblas
  license: BSD-3-Clause
  license_family: BSD
  purls: []
  size: 17574
  timestamp: 1750389040732
- conda: https://conda.anaconda.org/conda-forge/osx-64/libcxx-20.1.8-h3d58e20_1.conda
  sha256: 9643d6c5a94499cddb5ae1bccc4f78aef8cfd77bcf6b37ad325bc7232a8a870f
  md5: d2db320b940047515f7a27f870984fe7
  depends:
  - __osx >=10.13
  license: Apache-2.0 WITH LLVM-exception
  license_family: Apache
  purls: []
  size: 564830
  timestamp: 1752814841086
- conda: https://conda.anaconda.org/conda-forge/osx-64/libexpat-2.7.1-h21dd04a_0.conda
  sha256: 689862313571b62ee77ee01729dc093f2bf25a2f99415fcfe51d3a6cd31cce7b
  md5: 9fdeae0b7edda62e989557d645769515
  depends:
  - __osx >=10.13
  constrains:
  - expat 2.7.1.*
  license: MIT
  license_family: MIT
  purls: []
  size: 72450
  timestamp: 1752719744781
- conda: https://conda.anaconda.org/conda-forge/osx-64/libffi-3.4.6-h281671d_1.conda
  sha256: 6394b1bc67c64a21a5cc73d1736d1d4193a64515152e861785c44d2cfc49edf3
  md5: 4ca9ea59839a9ca8df84170fab4ceb41
  depends:
  - __osx >=10.13
  license: MIT
  license_family: MIT
  purls: []
  size: 51216
  timestamp: 1743434595269
- conda: https://conda.anaconda.org/conda-forge/osx-64/libgfortran-15.1.0-h5f6db21_0.conda
  sha256: 10efd2a1e18641dfcb57bdc14aaebabe9b24020cf1a5d9d2ec8d7cd9b2352583
  md5: bca8f1344f0b6e3002a600f4379f8f2f
  depends:
  - libgfortran5 15.1.0 hfa3c126_0
  license: GPL-3.0-only WITH GCC-exception-3.1
  license_family: GPL
  purls: []
  size: 134053
  timestamp: 1750181840950
- conda: https://conda.anaconda.org/conda-forge/osx-64/libgfortran5-15.1.0-hfa3c126_0.conda
  sha256: b8e892f5b96d839f7bf6de267329c145160b1f33d399b053d8602085fdbf26b2
  md5: c97d2a80518051c0e88089c51405906b
  depends:
  - llvm-openmp >=8.0.0
  constrains:
  - libgfortran 15.1.0
  license: GPL-3.0-only WITH GCC-exception-3.1
  license_family: GPL
  purls: []
  size: 1226396
  timestamp: 1750181111194
- conda: https://conda.anaconda.org/conda-forge/osx-64/liblapack-3.9.0-32_h236ab99_openblas.conda
  build_number: 32
  sha256: 1e26450b80525b3f656e9c75fd26a10ebaa1d339fe4ca9c7affbebd9acbeac03
  md5: ccdca0c0730ad795e064d81dbe540723
  depends:
  - libblas 3.9.0 32_h7f60823_openblas
  constrains:
  - blas 2.132   openblas
  - liblapacke 3.9.0   32*_openblas
  - libcblas   3.9.0   32*_openblas
  license: BSD-3-Clause
  license_family: BSD
  purls: []
  size: 17553
  timestamp: 1750389051033
- conda: https://conda.anaconda.org/conda-forge/osx-64/liblzma-5.8.1-hd471939_2.conda
  sha256: 7e22fd1bdb8bf4c2be93de2d4e718db5c548aa082af47a7430eb23192de6bb36
  md5: 8468beea04b9065b9807fc8b9cdc5894
  depends:
  - __osx >=10.13
  constrains:
  - xz 5.8.1.*
  license: 0BSD
  purls: []
  size: 104826
  timestamp: 1749230155443
- conda: https://conda.anaconda.org/conda-forge/osx-64/libmpdec-4.0.0-h6e16a3a_0.conda
  sha256: 98299c73c7a93cd4f5ff8bb7f43cd80389f08b5a27a296d806bdef7841cc9b9e
  md5: 18b81186a6adb43f000ad19ed7b70381
  depends:
  - __osx >=10.13
  license: BSD-2-Clause
  license_family: BSD
  purls: []
  size: 77667
  timestamp: 1748393757154
- conda: https://conda.anaconda.org/conda-forge/osx-64/libopenblas-0.3.30-openmp_h83c2472_1.conda
  sha256: 4e5fbf58105606c1cf77e2dda8ffca9e344c890353fe3e5d63211277dbba266e
  md5: 1719f55187f999004d1a69c43b50e9da
  depends:
  - __osx >=10.13
  - libgfortran
  - libgfortran5 >=14.3.0
  - llvm-openmp >=19.1.7
  constrains:
  - openblas >=0.3.30,<0.3.31.0a0
  license: BSD-3-Clause
  purls: []
  size: 6261418
  timestamp: 1753406214733
- conda: https://conda.anaconda.org/conda-forge/osx-64/libsqlite-3.50.3-h875aaf5_1.conda
  sha256: 3a585d1ddf823a3d7b033196d4aa769971922a984b0735ba741f3cc756a2e576
  md5: 10de0664b3e6f560c7707890aca8174c
  depends:
  - __osx >=10.13
  - icu >=75.1,<76.0a0
  - libzlib >=1.3.1,<2.0a0
  license: blessing
  purls: []
  size: 984580
  timestamp: 1753262751819
- conda: https://conda.anaconda.org/conda-forge/osx-64/libzlib-1.3.1-hd23fc13_2.conda
  sha256: 8412f96504fc5993a63edf1e211d042a1fd5b1d51dedec755d2058948fcced09
  md5: 003a54a4e32b02f7355b50a837e699da
  depends:
  - __osx >=10.13
  constrains:
  - zlib 1.3.1 *_2
  license: Zlib
  license_family: Other
  purls: []
  size: 57133
  timestamp: 1727963183990
- conda: https://conda.anaconda.org/conda-forge/osx-64/llvm-openmp-20.1.8-hf4e0ed4_0.conda
  sha256: 9f4161cbb2d17c9622380ec0c59938bd1600324e30a48a770509fbe6d9eee8af
  md5: ab3b31ebe0afdf903fa5ac7f13357e39
  depends:
  - __osx >=10.13
  constrains:
  - openmp 20.1.8|20.1.8.*
  license: Apache-2.0 WITH LLVM-exception
  license_family: APACHE
  purls: []
  size: 308578
  timestamp: 1752565939065
- conda: https://conda.anaconda.org/conda-forge/osx-64/ncurses-6.5-h0622a9a_3.conda
  sha256: ea4a5d27ded18443749aefa49dc79f6356da8506d508b5296f60b8d51e0c4bd9
  md5: ced34dd9929f491ca6dab6a2927aff25
  depends:
  - __osx >=10.13
  license: X11 AND BSD-3-Clause
  purls: []
  size: 822259
  timestamp: 1738196181298
- conda: https://conda.anaconda.org/conda-forge/osx-64/numpy-2.3.2-py313hdb1a8e5_0.conda
  sha256: 181ca508c5f2c8aab4047cc8a6ecdf596e0897c7b137bcd36ad784fa8f184d35
  md5: 6cdf47cd7a9cb038ee6f7997ab4bb59b
  depends:
  - python
  - __osx >=10.13
  - libcxx >=19
  - liblapack >=3.9.0,<4.0a0
  - python_abi 3.13.* *_cp313
  - libblas >=3.9.0,<4.0a0
  - libcblas >=3.9.0,<4.0a0
  constrains:
  - numpy-base <0a0
  license: BSD-3-Clause
  purls:
  - pkg:pypi/numpy?source=hash-mapping
  size: 8031795
  timestamp: 1753401536338
- conda: https://conda.anaconda.org/conda-forge/osx-64/openssl-3.5.1-hc426f3f_0.conda
  sha256: d5dc7da2ef7502a14f88443675c4894db336592ac7b9ae0517e1339ebb94f38a
  md5: f1ac2dbc36ce2017bd8f471960b1261d
  depends:
  - __osx >=10.13
  - ca-certificates
  license: Apache-2.0
  license_family: Apache
  purls: []
  size: 2744123
  timestamp: 1751391059798
- conda: https://conda.anaconda.org/conda-forge/osx-64/python-3.13.5-hc3a4c56_102_cp313.conda
  build_number: 102
  sha256: 8b2f14010eb0baf04ed1eb3908c9e184cd14512c4d64c43f313251b90e75b345
  md5: afa9492a7d31f6f7189ca8f08aceadac
  depends:
  - __osx >=10.13
  - bzip2 >=1.0.8,<2.0a0
  - libexpat >=2.7.0,<3.0a0
  - libffi >=3.4.6,<3.5.0a0
  - liblzma >=5.8.1,<6.0a0
  - libmpdec >=4.0.0,<5.0a0
  - libsqlite >=3.50.1,<4.0a0
  - libzlib >=1.3.1,<2.0a0
  - ncurses >=6.5,<7.0a0
  - openssl >=3.5.0,<4.0a0
  - python_abi 3.13.* *_cp313
  - readline >=8.2,<9.0a0
  - tk >=8.6.13,<8.7.0a0
  - tzdata
  license: Python-2.0
  purls: []
  size: 13955531
  timestamp: 1750063132430
  python_site_packages_path: lib/python3.13/site-packages
- conda: https://conda.anaconda.org/conda-forge/noarch/python_abi-3.13-8_cp313.conda
  build_number: 8
  sha256: 210bffe7b121e651419cb196a2a63687b087497595c9be9d20ebe97dd06060a7
  md5: 94305520c52a4aa3f6c2b1ff6008d9f8
  constrains:
  - python 3.13.* *_cp313
  license: BSD-3-Clause
  license_family: BSD
  purls: []
  size: 7002
  timestamp: 1752805902938
- conda: https://conda.anaconda.org/conda-forge/osx-64/readline-8.2-h7cca4af_2.conda
  sha256: 53017e80453c4c1d97aaf78369040418dea14cf8f46a2fa999f31bd70b36c877
  md5: 342570f8e02f2f022147a7f841475784
  depends:
  - ncurses >=6.5,<7.0a0
  license: GPL-3.0-only
  license_family: GPL
  purls: []
  size: 256712
  timestamp: 1740379577668
- conda: https://conda.anaconda.org/conda-forge/osx-64/tk-8.6.13-hf689a15_2.conda
  sha256: b24468006a96b71a5f4372205ea7ec4b399b0f2a543541e86f883de54cd623fc
  md5: 9864891a6946c2fe037c02fca7392ab4
  depends:
  - __osx >=10.13
  - libzlib >=1.3.1,<2.0a0
  license: TCL
  license_family: BSD
  purls: []
  size: 3259809
  timestamp: 1748387843735
- conda: https://conda.anaconda.org/conda-forge/noarch/tzdata-2025b-h78e105d_0.conda
  sha256: 5aaa366385d716557e365f0a4e9c3fca43ba196872abbbe3d56bb610d131e192
  md5: 4222072737ccff51314b5ece9c7d6f5a
  license: LicenseRef-Public-Domain
  purls: []
  size: 122968
  timestamp: 1742727099393
